// !$*UTF8*$!
{
	archiveVersion = 1;
	classes = {
	};
	objectVersion = 56;
	objects = {

/* Begin PBXBuildFile section */
		5A2357D528BB56CD00A718FE /* LinksResponse_Tests.swift in Sources */ = {isa = PBXBuildFile; fileRef = 5A2357D428BB56CD00A718FE /* LinksResponse_Tests.swift */; };
		5A5F75F428A80B2900D39A80 /* SongLinkService.swift in Sources */ = {isa = PBXBuildFile; fileRef = 5A5F75F328A80B2900D39A80 /* SongLinkService.swift */; };
		5A6E1A8428A911EF0022608A /* ViewModel_Tests.swift in Sources */ = {isa = PBXBuildFile; fileRef = 5A6E1A8328A911EF0022608A /* ViewModel_Tests.swift */; };
		5A801C182A19F5C9006F0BFD /* Assets.xcassets in Resources */ = {isa = PBXBuildFile; fileRef = 5A801C172A19F5C9006F0BFD /* Assets.xcassets */; };
		5A801C1B2A19F5C9006F0BFD /* Preview Assets.xcassets in Resources */ = {isa = PBXBuildFile; fileRef = 5A801C1A2A19F5C9006F0BFD /* Preview Assets.xcassets */; };
		5A801C1F2A19F5DB006F0BFD /* LinksResponse.swift in Sources */ = {isa = PBXBuildFile; fileRef = 5AF17CC228A62549006F1B92 /* LinksResponse.swift */; };
		5A801C202A19F5DB006F0BFD /* MainView.swift in Sources */ = {isa = PBXBuildFile; fileRef = 5AF17C9928A623CE006F1B92 /* MainView.swift */; };
		5A801C222A19F5DB006F0BFD /* SongLinkService.swift in Sources */ = {isa = PBXBuildFile; fileRef = 5A5F75F328A80B2900D39A80 /* SongLinkService.swift */; };
		5A801C232A19F5DB006F0BFD /* ResultView.swift in Sources */ = {isa = PBXBuildFile; fileRef = 5AD80DC428A901ED00C73E20 /* ResultView.swift */; };
		5A801C252A19F5DB006F0BFD /* SongURLApp.swift in Sources */ = {isa = PBXBuildFile; fileRef = 5AF17C9728A623CE006F1B92 /* SongURLApp.swift */; };
		5A801C262A19F5DB006F0BFD /* ViewModel.swift in Sources */ = {isa = PBXBuildFile; fileRef = 5AF17CC428A6B5B3006F1B92 /* ViewModel.swift */; };
		5AD80DC528A901ED00C73E20 /* ResultView.swift in Sources */ = {isa = PBXBuildFile; fileRef = 5AD80DC428A901ED00C73E20 /* ResultView.swift */; };
		5AF17C9828A623CE006F1B92 /* SongURLApp.swift in Sources */ = {isa = PBXBuildFile; fileRef = 5AF17C9728A623CE006F1B92 /* SongURLApp.swift */; };
		5AF17C9A28A623CE006F1B92 /* MainView.swift in Sources */ = {isa = PBXBuildFile; fileRef = 5AF17C9928A623CE006F1B92 /* MainView.swift */; };
		5AF17C9C28A623CF006F1B92 /* Assets.xcassets in Resources */ = {isa = PBXBuildFile; fileRef = 5AF17C9B28A623CF006F1B92 /* Assets.xcassets */; };
		5AF17CC328A62549006F1B92 /* LinksResponse.swift in Sources */ = {isa = PBXBuildFile; fileRef = 5AF17CC228A62549006F1B92 /* LinksResponse.swift */; };
		5AF17CC528A6B5B3006F1B92 /* ViewModel.swift in Sources */ = {isa = PBXBuildFile; fileRef = 5AF17CC428A6B5B3006F1B92 /* ViewModel.swift */; };
/* End PBXBuildFile section */

/* Begin PBXContainerItemProxy section */
		5A6E1A7E28A911E30022608A /* PBXContainerItemProxy */ = {
			isa = PBXContainerItemProxy;
			containerPortal = 5AF17C8C28A623CE006F1B92 /* Project object */;
			proxyType = 1;
			remoteGlobalIDString = 5AF17C9328A623CE006F1B92;
			remoteInfo = quicksonglink;
		};
/* End PBXContainerItemProxy section */

/* Begin PBXFileReference section */
		5A2357D428BB56CD00A718FE /* LinksResponse_Tests.swift */ = {isa = PBXFileReference; lastKnownFileType = sourcecode.swift; path = LinksResponse_Tests.swift; sourceTree = "<group>"; };
		5A5F75F328A80B2900D39A80 /* SongLinkService.swift */ = {isa = PBXFileReference; lastKnownFileType = sourcecode.swift; path = SongLinkService.swift; sourceTree = "<group>"; };
		5A6E1A7A28A911E30022608A /* SongURLTests.xctest */ = {isa = PBXFileReference; explicitFileType = wrapper.cfbundle; includeInIndex = 0; path = SongURLTests.xctest; sourceTree = BUILT_PRODUCTS_DIR; };
		5A6E1A8328A911EF0022608A /* ViewModel_Tests.swift */ = {isa = PBXFileReference; lastKnownFileType = sourcecode.swift; path = ViewModel_Tests.swift; sourceTree = "<group>"; };
		5A6E1A8728A924130022608A /* Info.plist */ = {isa = PBXFileReference; lastKnownFileType = text.plist; path = Info.plist; sourceTree = "<group>"; };
		5A801C112A19F5C8006F0BFD /* songlink-ios.app */ = {isa = PBXFileReference; explicitFileType = wrapper.application; includeInIndex = 0; path = "songlink-ios.app"; sourceTree = BUILT_PRODUCTS_DIR; };
		5A801C172A19F5C9006F0BFD /* Assets.xcassets */ = {isa = PBXFileReference; lastKnownFileType = folder.assetcatalog; path = Assets.xcassets; sourceTree = "<group>"; };
		5A801C1A2A19F5C9006F0BFD /* Preview Assets.xcassets */ = {isa = PBXFileReference; lastKnownFileType = folder.assetcatalog; path = "Preview Assets.xcassets"; sourceTree = "<group>"; };
		5AD80DC428A901ED00C73E20 /* ResultView.swift */ = {isa = PBXFileReference; lastKnownFileType = sourcecode.swift; path = ResultView.swift; sourceTree = "<group>"; };
		5AF17C9428A623CE006F1B92 /* SongURL.app */ = {isa = PBXFileReference; explicitFileType = wrapper.application; includeInIndex = 0; path = SongURL.app; sourceTree = BUILT_PRODUCTS_DIR; };
		5AF17C9728A623CE006F1B92 /* SongURLApp.swift */ = {isa = PBXFileReference; lastKnownFileType = sourcecode.swift; path = SongURLApp.swift; sourceTree = "<group>"; };
		5AF17C9928A623CE006F1B92 /* MainView.swift */ = {isa = PBXFileReference; lastKnownFileType = sourcecode.swift; path = MainView.swift; sourceTree = "<group>"; };
		5AF17C9B28A623CF006F1B92 /* Assets.xcassets */ = {isa = PBXFileReference; lastKnownFileType = folder.assetcatalog; path = Assets.xcassets; sourceTree = "<group>"; };
		5AF17CA028A623CF006F1B92 /* SongURL.entitlements */ = {isa = PBXFileReference; lastKnownFileType = text.plist.entitlements; path = SongURL.entitlements; sourceTree = "<group>"; };
		5AF17CC228A62549006F1B92 /* LinksResponse.swift */ = {isa = PBXFileReference; lastKnownFileType = sourcecode.swift; path = LinksResponse.swift; sourceTree = "<group>"; };
		5AF17CC428A6B5B3006F1B92 /* ViewModel.swift */ = {isa = PBXFileReference; lastKnownFileType = sourcecode.swift; path = ViewModel.swift; sourceTree = "<group>"; };
/* End PBXFileReference section */

/* Begin PBXFrameworksBuildPhase section */
		5A6E1A7728A911E30022608A /* Frameworks */ = {
			isa = PBXFrameworksBuildPhase;
			buildActionMask = 2147483647;
			files = (
			);
			runOnlyForDeploymentPostprocessing = 0;
		};
		5A801C0E2A19F5C8006F0BFD /* Frameworks */ = {
			isa = PBXFrameworksBuildPhase;
			buildActionMask = 2147483647;
			files = (
			);
			runOnlyForDeploymentPostprocessing = 0;
		};
		5AF17C9128A623CE006F1B92 /* Frameworks */ = {
			isa = PBXFrameworksBuildPhase;
			buildActionMask = 2147483647;
			files = (
			);
			runOnlyForDeploymentPostprocessing = 0;
		};
/* End PBXFrameworksBuildPhase section */

/* Begin PBXGroup section */
		5A801C122A19F5C8006F0BFD /* songlink-ios */ = {
			isa = PBXGroup;
			children = (
				5A801C172A19F5C9006F0BFD /* Assets.xcassets */,
				5A801C192A19F5C9006F0BFD /* Preview Content */,
			);
			path = "songlink-ios";
			sourceTree = "<group>";
		};
		5A801C192A19F5C9006F0BFD /* Preview Content */ = {
			isa = PBXGroup;
			children = (
				5A801C1A2A19F5C9006F0BFD /* Preview Assets.xcassets */,
			);
			path = "Preview Content";
			sourceTree = "<group>";
		};
		5A801C272A19F63F006F0BFD /* Shared */ = {
			isa = PBXGroup;
			children = (
				5AF17C9728A623CE006F1B92 /* SongURLApp.swift */,
				5A5F75F328A80B2900D39A80 /* SongLinkService.swift */,
				5AF17CC228A62549006F1B92 /* LinksResponse.swift */,
				5A2357D428BB56CD00A718FE /* LinksResponse_Tests.swift */,
				5AF17C9928A623CE006F1B92 /* MainView.swift */,
				5AD80DC428A901ED00C73E20 /* ResultView.swift */,
				5AF17CC428A6B5B3006F1B92 /* ViewModel.swift */,
				5A6E1A8328A911EF0022608A /* ViewModel_Tests.swift */,
			);
			path = Shared;
			sourceTree = "<group>";
		};
		5AF17C8B28A623CE006F1B92 = {
			isa = PBXGroup;
			children = (
				5A801C272A19F63F006F0BFD /* Shared */,
				5AF17C9628A623CE006F1B92 /* SongURL */,
				5A801C122A19F5C8006F0BFD /* songlink-ios */,
				5AF17C9528A623CE006F1B92 /* Products */,
			);
			sourceTree = "<group>";
		};
		5AF17C9528A623CE006F1B92 /* Products */ = {
			isa = PBXGroup;
			children = (
				5AF17C9428A623CE006F1B92 /* SongURL.app */,
				5A6E1A7A28A911E30022608A /* SongURLTests.xctest */,
				5A801C112A19F5C8006F0BFD /* songlink-ios.app */,
			);
			name = Products;
			sourceTree = "<group>";
		};
		5AF17C9628A623CE006F1B92 /* SongURL */ = {
			isa = PBXGroup;
			children = (
				5A6E1A8728A924130022608A /* Info.plist */,
				5AF17C9B28A623CF006F1B92 /* Assets.xcassets */,
				5AF17CA028A623CF006F1B92 /* SongURL.entitlements */,
			);
			path = SongURL;
			sourceTree = "<group>";
		};
/* End PBXGroup section */

/* Begin PBXNativeTarget section */
		5A6E1A7928A911E30022608A /* SongURLTests */ = {
			isa = PBXNativeTarget;
			buildConfigurationList = 5A6E1A8028A911E30022608A /* Build configuration list for PBXNativeTarget "SongURLTests" */;
			buildPhases = (
				5A6E1A7628A911E30022608A /* Sources */,
				5A6E1A7728A911E30022608A /* Frameworks */,
				5A6E1A7828A911E30022608A /* Resources */,
			);
			buildRules = (
			);
			dependencies = (
				5A6E1A7F28A911E30022608A /* PBXTargetDependency */,
			);
			name = SongURLTests;
			productName = quicksonglinkTests;
			productReference = 5A6E1A7A28A911E30022608A /* SongURLTests.xctest */;
			productType = "com.apple.product-type.bundle.unit-test";
		};
		5A801C102A19F5C8006F0BFD /* songlink-ios */ = {
			isa = PBXNativeTarget;
			buildConfigurationList = 5A801C1C2A19F5C9006F0BFD /* Build configuration list for PBXNativeTarget "songlink-ios" */;
			buildPhases = (
				5A801C0D2A19F5C8006F0BFD /* Sources */,
				5A801C0E2A19F5C8006F0BFD /* Frameworks */,
				5A801C0F2A19F5C8006F0BFD /* Resources */,
			);
			buildRules = (
			);
			dependencies = (
			);
			name = "songlink-ios";
			productName = "songlink-ios";
			productReference = 5A801C112A19F5C8006F0BFD /* songlink-ios.app */;
			productType = "com.apple.product-type.application";
		};
		5AF17C9328A623CE006F1B92 /* SongURL */ = {
			isa = PBXNativeTarget;
			buildConfigurationList = 5AF17CB928A623CF006F1B92 /* Build configuration list for PBXNativeTarget "SongURL" */;
			buildPhases = (
				5AF17C9028A623CE006F1B92 /* Sources */,
				5AF17C9128A623CE006F1B92 /* Frameworks */,
				5AF17C9228A623CE006F1B92 /* Resources */,
			);
			buildRules = (
			);
			dependencies = (
			);
			name = SongURL;
			productName = quicksonglink;
			productReference = 5AF17C9428A623CE006F1B92 /* SongURL.app */;
			productType = "com.apple.product-type.application";
		};
/* End PBXNativeTarget section */

/* Begin PBXProject section */
		5AF17C8C28A623CE006F1B92 /* Project object */ = {
			isa = PBXProject;
			attributes = {
				BuildIndependentTargetsInParallel = 1;
				LastSwiftUpdateCheck = 1420;
				LastUpgradeCheck = 1400;
				TargetAttributes = {
					5A6E1A7928A911E30022608A = {
						CreatedOnToolsVersion = 14.0;
						LastSwiftMigration = 1400;
						TestTargetID = 5AF17C9328A623CE006F1B92;
					};
					5A801C102A19F5C8006F0BFD = {
						CreatedOnToolsVersion = 14.2;
					};
					5AF17C9328A623CE006F1B92 = {
						CreatedOnToolsVersion = 14.0;
					};
				};
			};
			buildConfigurationList = 5AF17C8F28A623CE006F1B92 /* Build configuration list for PBXProject "SongURL" */;
			compatibilityVersion = "Xcode 14.0";
			developmentRegion = en;
			hasScannedForEncodings = 0;
			knownRegions = (
				en,
				Base,
			);
			mainGroup = 5AF17C8B28A623CE006F1B92;
			productRefGroup = 5AF17C9528A623CE006F1B92 /* Products */;
			projectDirPath = "";
			projectRoot = "";
			targets = (
				5AF17C9328A623CE006F1B92 /* SongURL */,
				5A6E1A7928A911E30022608A /* SongURLTests */,
				5A801C102A19F5C8006F0BFD /* songlink-ios */,
			);
		};
/* End PBXProject section */

/* Begin PBXResourcesBuildPhase section */
		5A6E1A7828A911E30022608A /* Resources */ = {
			isa = PBXResourcesBuildPhase;
			buildActionMask = 2147483647;
			files = (
			);
			runOnlyForDeploymentPostprocessing = 0;
		};
		5A801C0F2A19F5C8006F0BFD /* Resources */ = {
			isa = PBXResourcesBuildPhase;
			buildActionMask = 2147483647;
			files = (
				5A801C1B2A19F5C9006F0BFD /* Preview Assets.xcassets in Resources */,
				5A801C182A19F5C9006F0BFD /* Assets.xcassets in Resources */,
			);
			runOnlyForDeploymentPostprocessing = 0;
		};
		5AF17C9228A623CE006F1B92 /* Resources */ = {
			isa = PBXResourcesBuildPhase;
			buildActionMask = 2147483647;
			files = (
				5AF17C9C28A623CF006F1B92 /* Assets.xcassets in Resources */,
			);
			runOnlyForDeploymentPostprocessing = 0;
		};
/* End PBXResourcesBuildPhase section */

/* Begin PBXSourcesBuildPhase section */
		5A6E1A7628A911E30022608A /* Sources */ = {
			isa = PBXSourcesBuildPhase;
			buildActionMask = 2147483647;
			files = (
				5A2357D528BB56CD00A718FE /* LinksResponse_Tests.swift in Sources */,
				5A6E1A8428A911EF0022608A /* ViewModel_Tests.swift in Sources */,
			);
			runOnlyForDeploymentPostprocessing = 0;
		};
		5A801C0D2A19F5C8006F0BFD /* Sources */ = {
			isa = PBXSourcesBuildPhase;
			buildActionMask = 2147483647;
			files = (
				5A801C262A19F5DB006F0BFD /* ViewModel.swift in Sources */,
				5A801C252A19F5DB006F0BFD /* SongURLApp.swift in Sources */,
				5A801C202A19F5DB006F0BFD /* MainView.swift in Sources */,
				5A801C222A19F5DB006F0BFD /* SongLinkService.swift in Sources */,
				5A801C232A19F5DB006F0BFD /* ResultView.swift in Sources */,
				5A801C1F2A19F5DB006F0BFD /* LinksResponse.swift in Sources */,
			);
			runOnlyForDeploymentPostprocessing = 0;
		};
		5AF17C9028A623CE006F1B92 /* Sources */ = {
			isa = PBXSourcesBuildPhase;
			buildActionMask = 2147483647;
			files = (
				5AF17C9A28A623CE006F1B92 /* MainView.swift in Sources */,
				5AF17C9828A623CE006F1B92 /* SongURLApp.swift in Sources */,
				5AF17CC528A6B5B3006F1B92 /* ViewModel.swift in Sources */,
				5A5F75F428A80B2900D39A80 /* SongLinkService.swift in Sources */,
				5AD80DC528A901ED00C73E20 /* ResultView.swift in Sources */,
				5AF17CC328A62549006F1B92 /* LinksResponse.swift in Sources */,
			);
			runOnlyForDeploymentPostprocessing = 0;
		};
/* End PBXSourcesBuildPhase section */

/* Begin PBXTargetDependency section */
		5A6E1A7F28A911E30022608A /* PBXTargetDependency */ = {
			isa = PBXTargetDependency;
			target = 5AF17C9328A623CE006F1B92 /* SongURL */;
			targetProxy = 5A6E1A7E28A911E30022608A /* PBXContainerItemProxy */;
		};
/* End PBXTargetDependency section */

/* Begin XCBuildConfiguration section */
		5A6E1A8128A911E30022608A /* Debug */ = {
			isa = XCBuildConfiguration;
			buildSettings = {
				BUNDLE_LOADER = "$(TEST_HOST)";
				CLANG_ENABLE_MODULES = YES;
				CODE_SIGN_STYLE = Automatic;
				CURRENT_PROJECT_VERSION = 1;
				DEVELOPMENT_TEAM = P4DQK6SRKR;
				GENERATE_INFOPLIST_FILE = YES;
				LD_RUNPATH_SEARCH_PATHS = (
					"$(inherited)",
					"@executable_path/../Frameworks",
					"@loader_path/../Frameworks",
				);
				MARKETING_VERSION = 1.0;
				PRODUCT_BUNDLE_IDENTIFIER = com.marcusziade.quicksonglinkTests;
				PRODUCT_NAME = "$(TARGET_NAME)";
				SWIFT_EMIT_LOC_STRINGS = NO;
				SWIFT_OPTIMIZATION_LEVEL = "-Onone";
				SWIFT_VERSION = 5.0;
				TEST_HOST = "$(BUILT_PRODUCTS_DIR)/SongURL.app/$(BUNDLE_EXECUTABLE_FOLDER_PATH)/SongURL";
			};
			name = Debug;
		};
		5A6E1A8228A911E30022608A /* Release */ = {
			isa = XCBuildConfiguration;
			buildSettings = {
				BUNDLE_LOADER = "$(TEST_HOST)";
				CLANG_ENABLE_MODULES = YES;
				CODE_SIGN_STYLE = Automatic;
				CURRENT_PROJECT_VERSION = 1;
				DEVELOPMENT_TEAM = P4DQK6SRKR;
				GENERATE_INFOPLIST_FILE = YES;
				LD_RUNPATH_SEARCH_PATHS = (
					"$(inherited)",
					"@executable_path/../Frameworks",
					"@loader_path/../Frameworks",
				);
				MARKETING_VERSION = 1.0;
				PRODUCT_BUNDLE_IDENTIFIER = com.marcusziade.quicksonglinkTests;
				PRODUCT_NAME = "$(TARGET_NAME)";
				SWIFT_EMIT_LOC_STRINGS = NO;
				SWIFT_VERSION = 5.0;
				TEST_HOST = "$(BUILT_PRODUCTS_DIR)/SongURL.app/$(BUNDLE_EXECUTABLE_FOLDER_PATH)/SongURL";
			};
			name = Release;
		};
		5A801C1D2A19F5C9006F0BFD /* Debug */ = {
			isa = XCBuildConfiguration;
			buildSettings = {
				ASSETCATALOG_COMPILER_APPICON_NAME = AppIcon;
				ASSETCATALOG_COMPILER_GLOBAL_ACCENT_COLOR_NAME = AccentColor;
				CODE_SIGN_STYLE = Automatic;
				CURRENT_PROJECT_VERSION = 1;
				DEVELOPMENT_ASSET_PATHS = "\"songlink-ios/Preview Content\"";
				DEVELOPMENT_TEAM = P4DQK6SRKR;
				ENABLE_PREVIEWS = YES;
				GENERATE_INFOPLIST_FILE = YES;
				INFOPLIST_KEY_UIApplicationSceneManifest_Generation = YES;
				INFOPLIST_KEY_UIApplicationSupportsIndirectInputEvents = YES;
				INFOPLIST_KEY_UILaunchScreen_Generation = YES;
				INFOPLIST_KEY_UISupportedInterfaceOrientations = UIInterfaceOrientationPortrait;
				INFOPLIST_KEY_UISupportedInterfaceOrientations_iPad = "UIInterfaceOrientationLandscapeLeft UIInterfaceOrientationLandscapeRight UIInterfaceOrientationPortrait UIInterfaceOrientationPortraitUpsideDown";
				IPHONEOS_DEPLOYMENT_TARGET = 16.2;
				LD_RUNPATH_SEARCH_PATHS = (
					"$(inherited)",
					"@executable_path/Frameworks",
				);
				MARKETING_VERSION = 1.0;
				PRODUCT_BUNDLE_IDENTIFIER = "com.marcusziade.songlink-ios";
				PRODUCT_NAME = "$(TARGET_NAME)";
				SDKROOT = iphoneos;
				SWIFT_EMIT_LOC_STRINGS = YES;
				SWIFT_VERSION = 5.0;
				TARGETED_DEVICE_FAMILY = "1,2";
			};
			name = Debug;
		};
		5A801C1E2A19F5C9006F0BFD /* Release */ = {
			isa = XCBuildConfiguration;
			buildSettings = {
				ASSETCATALOG_COMPILER_APPICON_NAME = AppIcon;
				ASSETCATALOG_COMPILER_GLOBAL_ACCENT_COLOR_NAME = AccentColor;
				CODE_SIGN_STYLE = Automatic;
				CURRENT_PROJECT_VERSION = 1;
				DEVELOPMENT_ASSET_PATHS = "\"songlink-ios/Preview Content\"";
				DEVELOPMENT_TEAM = P4DQK6SRKR;
				ENABLE_PREVIEWS = YES;
				GENERATE_INFOPLIST_FILE = YES;
				INFOPLIST_KEY_UIApplicationSceneManifest_Generation = YES;
				INFOPLIST_KEY_UIApplicationSupportsIndirectInputEvents = YES;
				INFOPLIST_KEY_UILaunchScreen_Generation = YES;
				INFOPLIST_KEY_UISupportedInterfaceOrientations = UIInterfaceOrientationPortrait;
				INFOPLIST_KEY_UISupportedInterfaceOrientations_iPad = "UIInterfaceOrientationLandscapeLeft UIInterfaceOrientationLandscapeRight UIInterfaceOrientationPortrait UIInterfaceOrientationPortraitUpsideDown";
				IPHONEOS_DEPLOYMENT_TARGET = 16.2;
				LD_RUNPATH_SEARCH_PATHS = (
					"$(inherited)",
					"@executable_path/Frameworks",
				);
				MARKETING_VERSION = 1.0;
				PRODUCT_BUNDLE_IDENTIFIER = "com.marcusziade.songlink-ios";
				PRODUCT_NAME = "$(TARGET_NAME)";
				SDKROOT = iphoneos;
				SWIFT_EMIT_LOC_STRINGS = YES;
				SWIFT_VERSION = 5.0;
				TARGETED_DEVICE_FAMILY = "1,2";
				VALIDATE_PRODUCT = YES;
			};
			name = Release;
		};
		5AF17CB728A623CF006F1B92 /* Debug */ = {
			isa = XCBuildConfiguration;
			buildSettings = {
				ALWAYS_SEARCH_USER_PATHS = NO;
				CLANG_ANALYZER_NONNULL = YES;
				CLANG_ANALYZER_NUMBER_OBJECT_CONVERSION = YES_AGGRESSIVE;
				CLANG_CXX_LANGUAGE_STANDARD = "gnu++20";
				CLANG_ENABLE_MODULES = YES;
				CLANG_ENABLE_OBJC_ARC = YES;
				CLANG_ENABLE_OBJC_WEAK = YES;
				CLANG_WARN_BLOCK_CAPTURE_AUTORELEASING = YES;
				CLANG_WARN_BOOL_CONVERSION = YES;
				CLANG_WARN_COMMA = YES;
				CLANG_WARN_CONSTANT_CONVERSION = YES;
				CLANG_WARN_DEPRECATED_OBJC_IMPLEMENTATIONS = YES;
				CLANG_WARN_DIRECT_OBJC_ISA_USAGE = YES_ERROR;
				CLANG_WARN_DOCUMENTATION_COMMENTS = YES;
				CLANG_WARN_EMPTY_BODY = YES;
				CLANG_WARN_ENUM_CONVERSION = YES;
				CLANG_WARN_INFINITE_RECURSION = YES;
				CLANG_WARN_INT_CONVERSION = YES;
				CLANG_WARN_NON_LITERAL_NULL_CONVERSION = YES;
				CLANG_WARN_OBJC_IMPLICIT_RETAIN_SELF = YES;
				CLANG_WARN_OBJC_LITERAL_CONVERSION = YES;
				CLANG_WARN_OBJC_ROOT_CLASS = YES_ERROR;
				CLANG_WARN_QUOTED_INCLUDE_IN_FRAMEWORK_HEADER = YES;
				CLANG_WARN_RANGE_LOOP_ANALYSIS = YES;
				CLANG_WARN_STRICT_PROTOTYPES = YES;
				CLANG_WARN_SUSPICIOUS_MOVE = YES;
				CLANG_WARN_UNGUARDED_AVAILABILITY = YES_AGGRESSIVE;
				CLANG_WARN_UNREACHABLE_CODE = YES;
				CLANG_WARN__DUPLICATE_METHOD_MATCH = YES;
				COPY_PHASE_STRIP = NO;
				DEBUG_INFORMATION_FORMAT = dwarf;
				ENABLE_STRICT_OBJC_MSGSEND = YES;
				ENABLE_TESTABILITY = YES;
				GCC_C_LANGUAGE_STANDARD = gnu11;
				GCC_DYNAMIC_NO_PIC = NO;
				GCC_NO_COMMON_BLOCKS = YES;
				GCC_OPTIMIZATION_LEVEL = 0;
				GCC_PREPROCESSOR_DEFINITIONS = (
					"DEBUG=1",
					"$(inherited)",
				);
				GCC_WARN_64_TO_32_BIT_CONVERSION = YES;
				GCC_WARN_ABOUT_RETURN_TYPE = YES_ERROR;
				GCC_WARN_UNDECLARED_SELECTOR = YES;
				GCC_WARN_UNINITIALIZED_AUTOS = YES_AGGRESSIVE;
				GCC_WARN_UNUSED_FUNCTION = YES;
				GCC_WARN_UNUSED_VARIABLE = YES;
				MACOSX_DEPLOYMENT_TARGET = 13.3;
				MTL_ENABLE_DEBUG_INFO = INCLUDE_SOURCE;
				MTL_FAST_MATH = YES;
				ONLY_ACTIVE_ARCH = YES;
				SDKROOT = macosx;
				SWIFT_ACTIVE_COMPILATION_CONDITIONS = DEBUG;
				SWIFT_OPTIMIZATION_LEVEL = "-Onone";
			};
			name = Debug;
		};
		5AF17CB828A623CF006F1B92 /* Release */ = {
			isa = XCBuildConfiguration;
			buildSettings = {
				ALWAYS_SEARCH_USER_PATHS = NO;
				CLANG_ANALYZER_NONNULL = YES;
				CLANG_ANALYZER_NUMBER_OBJECT_CONVERSION = YES_AGGRESSIVE;
				CLANG_CXX_LANGUAGE_STANDARD = "gnu++20";
				CLANG_ENABLE_MODULES = YES;
				CLANG_ENABLE_OBJC_ARC = YES;
				CLANG_ENABLE_OBJC_WEAK = YES;
				CLANG_WARN_BLOCK_CAPTURE_AUTORELEASING = YES;
				CLANG_WARN_BOOL_CONVERSION = YES;
				CLANG_WARN_COMMA = YES;
				CLANG_WARN_CONSTANT_CONVERSION = YES;
				CLANG_WARN_DEPRECATED_OBJC_IMPLEMENTATIONS = YES;
				CLANG_WARN_DIRECT_OBJC_ISA_USAGE = YES_ERROR;
				CLANG_WARN_DOCUMENTATION_COMMENTS = YES;
				CLANG_WARN_EMPTY_BODY = YES;
				CLANG_WARN_ENUM_CONVERSION = YES;
				CLANG_WARN_INFINITE_RECURSION = YES;
				CLANG_WARN_INT_CONVERSION = YES;
				CLANG_WARN_NON_LITERAL_NULL_CONVERSION = YES;
				CLANG_WARN_OBJC_IMPLICIT_RETAIN_SELF = YES;
				CLANG_WARN_OBJC_LITERAL_CONVERSION = YES;
				CLANG_WARN_OBJC_ROOT_CLASS = YES_ERROR;
				CLANG_WARN_QUOTED_INCLUDE_IN_FRAMEWORK_HEADER = YES;
				CLANG_WARN_RANGE_LOOP_ANALYSIS = YES;
				CLANG_WARN_STRICT_PROTOTYPES = YES;
				CLANG_WARN_SUSPICIOUS_MOVE = YES;
				CLANG_WARN_UNGUARDED_AVAILABILITY = YES_AGGRESSIVE;
				CLANG_WARN_UNREACHABLE_CODE = YES;
				CLANG_WARN__DUPLICATE_METHOD_MATCH = YES;
				COPY_PHASE_STRIP = NO;
				DEBUG_INFORMATION_FORMAT = "dwarf-with-dsym";
				ENABLE_NS_ASSERTIONS = NO;
				ENABLE_STRICT_OBJC_MSGSEND = YES;
				GCC_C_LANGUAGE_STANDARD = gnu11;
				GCC_NO_COMMON_BLOCKS = YES;
				GCC_WARN_64_TO_32_BIT_CONVERSION = YES;
				GCC_WARN_ABOUT_RETURN_TYPE = YES_ERROR;
				GCC_WARN_UNDECLARED_SELECTOR = YES;
				GCC_WARN_UNINITIALIZED_AUTOS = YES_AGGRESSIVE;
				GCC_WARN_UNUSED_FUNCTION = YES;
				GCC_WARN_UNUSED_VARIABLE = YES;
				MACOSX_DEPLOYMENT_TARGET = 13.3;
				MTL_ENABLE_DEBUG_INFO = NO;
				MTL_FAST_MATH = YES;
				SDKROOT = macosx;
				SWIFT_COMPILATION_MODE = wholemodule;
				SWIFT_OPTIMIZATION_LEVEL = "-O";
			};
			name = Release;
		};
		5AF17CBA28A623CF006F1B92 /* Debug */ = {
			isa = XCBuildConfiguration;
			buildSettings = {
				ASSETCATALOG_COMPILER_APPICON_NAME = AppIcon;
				ASSETCATALOG_COMPILER_GLOBAL_ACCENT_COLOR_NAME = AccentColor;
				CODE_SIGN_ENTITLEMENTS = SongURL/SongURL.entitlements;
				CODE_SIGN_STYLE = Automatic;
				COMBINE_HIDPI_IMAGES = YES;
				CURRENT_PROJECT_VERSION = 1;
				DEVELOPMENT_TEAM = P4DQK6SRKR;
				ENABLE_HARDENED_RUNTIME = YES;
				ENABLE_PREVIEWS = YES;
				GENERATE_INFOPLIST_FILE = YES;
				INFOPLIST_FILE = SongURL/Info.plist;
				INFOPLIST_KEY_LSApplicationCategoryType = "public.app-category.utilities";
				INFOPLIST_KEY_NSHumanReadableCopyright = "";
				INFOPLIST_KEY_UISupportedInterfaceOrientations = UIInterfaceOrientationPortrait;
				LD_RUNPATH_SEARCH_PATHS = (
					"$(inherited)",
					"@executable_path/../Frameworks",
				);
				MACOSX_DEPLOYMENT_TARGET = 13.3;
				MARKETING_VERSION = 1.0;
				PRODUCT_BUNDLE_IDENTIFIER = com.marcusziade.SongURL;
				PRODUCT_NAME = SongURL;
				SUPPORTED_PLATFORMS = macosx;
				SUPPORTS_MACCATALYST = NO;
				SUPPORTS_MAC_DESIGNED_FOR_IPHONE_IPAD = NO;
				SWIFT_EMIT_LOC_STRINGS = YES;
				SWIFT_VERSION = 5.0;
			};
			name = Debug;
		};
		5AF17CBB28A623CF006F1B92 /* Release */ = {
			isa = XCBuildConfiguration;
			buildSettings = {
				ASSETCATALOG_COMPILER_APPICON_NAME = AppIcon;
				ASSETCATALOG_COMPILER_GLOBAL_ACCENT_COLOR_NAME = AccentColor;
				CODE_SIGN_ENTITLEMENTS = SongURL/SongURL.entitlements;
				CODE_SIGN_STYLE = Automatic;
				COMBINE_HIDPI_IMAGES = YES;
				CURRENT_PROJECT_VERSION = 1;
				DEVELOPMENT_TEAM = P4DQK6SRKR;
				ENABLE_HARDENED_RUNTIME = YES;
				ENABLE_PREVIEWS = YES;
				GENERATE_INFOPLIST_FILE = YES;
				INFOPLIST_FILE = SongURL/Info.plist;
				INFOPLIST_KEY_LSApplicationCategoryType = "public.app-category.utilities";
				INFOPLIST_KEY_NSHumanReadableCopyright = "";
				INFOPLIST_KEY_UISupportedInterfaceOrientations = UIInterfaceOrientationPortrait;
				LD_RUNPATH_SEARCH_PATHS = (
					"$(inherited)",
					"@executable_path/../Frameworks",
				);
				MACOSX_DEPLOYMENT_TARGET = 13.3;
				MARKETING_VERSION = 1.0;
				PRODUCT_BUNDLE_IDENTIFIER = com.marcusziade.SongURL;
				PRODUCT_NAME = SongURL;
				SUPPORTED_PLATFORMS = macosx;
				SUPPORTS_MACCATALYST = NO;
				SUPPORTS_MAC_DESIGNED_FOR_IPHONE_IPAD = NO;
				SWIFT_EMIT_LOC_STRINGS = YES;
				SWIFT_VERSION = 5.0;
			};
			name = Release;
		};
/* End XCBuildConfiguration section */

/* Begin XCConfigurationList section */
		5A6E1A8028A911E30022608A /* Build configuration list for PBXNativeTarget "SongURLTests" */ = {
			isa = XCConfigurationList;
			buildConfigurations = (
				5A6E1A8128A911E30022608A /* Debug */,
				5A6E1A8228A911E30022608A /* Release */,
			);
			defaultConfigurationIsVisible = 0;
			defaultConfigurationName = Release;
		};
		5A801C1C2A19F5C9006F0BFD /* Build configuration list for PBXNativeTarget "songlink-ios" */ = {
			isa = XCConfigurationList;
			buildConfigurations = (
				5A801C1D2A19F5C9006F0BFD /* Debug */,
				5A801C1E2A19F5C9006F0BFD /* Release */,
			);
			defaultConfigurationIsVisible = 0;
			defaultConfigurationName = Release;
		};
		5AF17C8F28A623CE006F1B92 /* Build configuration list for PBXProject "SongURL" */ = {
			isa = XCConfigurationList;
			buildConfigurations = (
				5AF17CB728A623CF006F1B92 /* Debug */,
				5AF17CB828A623CF006F1B92 /* Release */,
			);
			defaultConfigurationIsVisible = 0;
			defaultConfigurationName = Release;
		};
		5AF17CB928A623CF006F1B92 /* Build configuration list for PBXNativeTarget "SongURL" */ = {
			isa = XCConfigurationList;
			buildConfigurations = (
				5AF17CBA28A623CF006F1B92 /* Debug */,
				5AF17CBB28A623CF006F1B92 /* Release */,
			);
			defaultConfigurationIsVisible = 0;
			defaultConfigurationName = Release;
		};
/* End XCConfigurationList section */
	};
	rootObject = 5AF17C8C28A623CE006F1B92 /* Project object */;
}
